
Microsoft Visual Studio Solution File, Format Version 12.00
# Visual Studio Version 16
VisualStudioVersion = 16.0.30330.147
MinimumVisualStudioVersion = 10.0.40219.1
Project("{9A19103F-16F7-4668-BE54-9A1E7A4F7556}") = "cSharp", "cSharp.csproj", "{5C62E2BA-121C-4AB4-AC7F-701BAB2D1FF5}"
EndProject
Global
	GlobalSection(SolutionConfigurationPlatforms) = preSolution
		Debug|Any CPU = Debug|Any CPU
		Release|Any CPU = Release|Any CPU
	EndGlobalSection
	GlobalSection(ProjectConfigurationPlatforms) = postSolution
		{5C62E2BA-121C-4AB4-AC7F-701BAB2D1FF5}.Debug|Any CPU.ActiveCfg = Debug|Any CPU
		{5C62E2BA-121C-4AB4-AC7F-701BAB2D1FF5}.Debug|Any CPU.Build.0 = Debug|Any CPU
		{5C62E2BA-121C-4AB4-AC7F-701BAB2D1FF5}.Release|Any CPU.ActiveCfg = Release|Any CPU
		{5C62E2BA-121C-4AB4-AC7F-701BAB2D1FF5}.Release|Any CPU.Build.0 = Release|Any CPU
	EndGlobalSection
	GlobalSection(SolutionProperties) = preSolution
		HideSolutionNode = FALSE
	EndGlobalSection
	GlobalSection(ExtensibilityGlobals) = postSolution
		SolutionGuid = {F1B50AF5-1B4D-4747-8CC7-5B49AFB70EE8}
	EndGlobalSection
EndGlobal
